
Microsoft Visual Studio Solution File, Format Version 12.00
# Visual Studio 15
VisualStudioVersion = 15.0.28307.136
MinimumVisualStudioVersion = 10.0.40219.1
Project("{FAE04EC0-301F-11D3-BF4B-00C04F79EFBC}") = "Minigames1", "Minigames1\Minigames1.csproj", "{1DA2E680-0D69-4330-B584-84D39174E758}"
EndProject
Project("{2150E333-8FDC-42A3-9474-1A3956D46DE8}") = "Solution Items", "Solution Items", "{F753A218-B8E9-403F-826E-7617869BF97A}"
	ProjectSection(SolutionItems) = preProject
		README.md = README.md
	EndProjectSection
EndProject
Project("{54435603-DBB4-11D2-8724-00A0C9A8B90C}") = "Installer", "Installer.vdproj", "{BF2E636C-1483-4B4A-9C8D-5EB29F127EB1}"
EndProject
Global
	GlobalSection(SolutionConfigurationPlatforms) = preSolution
		Debug|Any CPU = Debug|Any CPU
		Release|Any CPU = Release|Any CPU
	EndGlobalSection
	GlobalSection(ProjectConfigurationPlatforms) = postSolution
		{1DA2E680-0D69-4330-B584-84D39174E758}.Debug|Any CPU.ActiveCfg = Debug|Any CPU
		{1DA2E680-0D69-4330-B584-84D39174E758}.Debug|Any CPU.Build.0 = Debug|Any CPU
		{1DA2E680-0D69-4330-B584-84D39174E758}.Release|Any CPU.ActiveCfg = Release|Any CPU
		{1DA2E680-0D69-4330-B584-84D39174E758}.Release|Any CPU.Build.0 = Release|Any CPU
		{BF2E636C-1483-4B4A-9C8D-5EB29F127EB1}.Debug|Any CPU.ActiveCfg = Debug
		{BF2E636C-1483-4B4A-9C8D-5EB29F127EB1}.Release|Any CPU.ActiveCfg = Release
	EndGlobalSection
	GlobalSection(SolutionProperties) = preSolution
		HideSolutionNode = FALSE
	EndGlobalSection
	GlobalSection(ExtensibilityGlobals) = postSolution
		SolutionGuid = {35B0EC33-254E-489E-88C8-150E998D0E26}
	EndGlobalSection
EndGlobal
